
Microsoft Visual Studio Solution File, Format Version 12.00
# Visual Studio Version 16
VisualStudioVersion = 16.0.30225.117
MinimumVisualStudioVersion = 10.0.40219.1
Project("{9A19103F-16F7-4668-BE54-9A1E7A4F7556}") = "02.Array Modifier", "Task02\02.Array Modifier.csproj", "{B761FB70-31AB-4E9A-81F3-B154ADB28793}"
EndProject
Project("{9A19103F-16F7-4668-BE54-9A1E7A4F7556}") = "03.Numbers", "Task03\03.Numbers.csproj", "{45D76F28-FB1A-4581-91B4-3AB4ACADD3DC}"
EndProject
Project("{FAE04EC0-301F-11D3-BF4B-00C04F79EFBC}") = "01.SoftUniReception", "01.SoftUniReception\01.SoftUniReception.csproj", "{A99FE47A-9973-4720-A121-DE6976CD1793}"
EndProject
Project("{FAE04EC0-301F-11D3-BF4B-00C04F79EFBC}") = "01.SoftUniReceptionM1", "01.SoftUniReceptionM1\01.SoftUniReceptionM1.csproj", "{AB2344D2-7BDD-44E8-8A78-5223A79779C4}"
EndProject
Project("{FAE04EC0-301F-11D3-BF4B-00C04F79EFBC}") = "01.SoftUniReceptionM2", "01.SoftUniReceptionM2\01.SoftUniReceptionM2.csproj", "{F89B27F0-0DF5-43CE-914A-628C0508FFFE}"
EndProject
Global
	GlobalSection(SolutionConfigurationPlatforms) = preSolution
		Debug|Any CPU = Debug|Any CPU
		Release|Any CPU = Release|Any CPU
	EndGlobalSection
	GlobalSection(ProjectConfigurationPlatforms) = postSolution
		{B761FB70-31AB-4E9A-81F3-B154ADB28793}.Debug|Any CPU.ActiveCfg = Debug|Any CPU
		{B761FB70-31AB-4E9A-81F3-B154ADB28793}.Debug|Any CPU.Build.0 = Debug|Any CPU
		{B761FB70-31AB-4E9A-81F3-B154ADB28793}.Release|Any CPU.ActiveCfg = Release|Any CPU
		{B761FB70-31AB-4E9A-81F3-B154ADB28793}.Release|Any CPU.Build.0 = Release|Any CPU
		{45D76F28-FB1A-4581-91B4-3AB4ACADD3DC}.Debug|Any CPU.ActiveCfg = Debug|Any CPU
		{45D76F28-FB1A-4581-91B4-3AB4ACADD3DC}.Debug|Any CPU.Build.0 = Debug|Any CPU
		{45D76F28-FB1A-4581-91B4-3AB4ACADD3DC}.Release|Any CPU.ActiveCfg = Release|Any CPU
		{45D76F28-FB1A-4581-91B4-3AB4ACADD3DC}.Release|Any CPU.Build.0 = Release|Any CPU
		{A99FE47A-9973-4720-A121-DE6976CD1793}.Debug|Any CPU.ActiveCfg = Debug|Any CPU
		{A99FE47A-9973-4720-A121-DE6976CD1793}.Debug|Any CPU.Build.0 = Debug|Any CPU
		{A99FE47A-9973-4720-A121-DE6976CD1793}.Release|Any CPU.ActiveCfg = Release|Any CPU
		{A99FE47A-9973-4720-A121-DE6976CD1793}.Release|Any CPU.Build.0 = Release|Any CPU
		{AB2344D2-7BDD-44E8-8A78-5223A79779C4}.Debug|Any CPU.ActiveCfg = Debug|Any CPU
		{AB2344D2-7BDD-44E8-8A78-5223A79779C4}.Debug|Any CPU.Build.0 = Debug|Any CPU
		{AB2344D2-7BDD-44E8-8A78-5223A79779C4}.Release|Any CPU.ActiveCfg = Release|Any CPU
		{AB2344D2-7BDD-44E8-8A78-5223A79779C4}.Release|Any CPU.Build.0 = Release|Any CPU
		{F89B27F0-0DF5-43CE-914A-628C0508FFFE}.Debug|Any CPU.ActiveCfg = Debug|Any CPU
		{F89B27F0-0DF5-43CE-914A-628C0508FFFE}.Debug|Any CPU.Build.0 = Debug|Any CPU
		{F89B27F0-0DF5-43CE-914A-628C0508FFFE}.Release|Any CPU.ActiveCfg = Release|Any CPU
		{F89B27F0-0DF5-43CE-914A-628C0508FFFE}.Release|Any CPU.Build.0 = Release|Any CPU
	EndGlobalSection
	GlobalSection(SolutionProperties) = preSolution
		HideSolutionNode = FALSE
	EndGlobalSection
	GlobalSection(ExtensibilityGlobals) = postSolution
		SolutionGuid = {984E6E2F-B6D5-4549-A44C-8EBBCB539CF8}
	EndGlobalSection
EndGlobal
