
Microsoft Visual Studio Solution File, Format Version 12.00
# Visual Studio Version 16
VisualStudioVersion = 16.0.30406.217
MinimumVisualStudioVersion = 10.0.40219.1
Project("{9A19103F-16F7-4668-BE54-9A1E7A4F7556}") = "01.TheImitationGame", "01.TheImitationGame\01.TheImitationGame.csproj", "{0D86363F-70C1-4AB0-BE85-198E1B55E5E9}"
EndProject
Project("{9A19103F-16F7-4668-BE54-9A1E7A4F7556}") = "02.AdAstra", "02.AdAstra\02.AdAstra.csproj", "{90976F71-A69A-4832-80F6-46E95D1894E2}"
EndProject
Project("{9A19103F-16F7-4668-BE54-9A1E7A4F7556}") = "03.ThePianis", "03.ThePianis\03.ThePianis.csproj", "{C1DB9B55-A729-456A-BA8A-A02B5C1C4067}"
EndProject
Global
	GlobalSection(SolutionConfigurationPlatforms) = preSolution
		Debug|Any CPU = Debug|Any CPU
		Release|Any CPU = Release|Any CPU
	EndGlobalSection
	GlobalSection(ProjectConfigurationPlatforms) = postSolution
		{0D86363F-70C1-4AB0-BE85-198E1B55E5E9}.Debug|Any CPU.ActiveCfg = Debug|Any CPU
		{0D86363F-70C1-4AB0-BE85-198E1B55E5E9}.Debug|Any CPU.Build.0 = Debug|Any CPU
		{0D86363F-70C1-4AB0-BE85-198E1B55E5E9}.Release|Any CPU.ActiveCfg = Release|Any CPU
		{0D86363F-70C1-4AB0-BE85-198E1B55E5E9}.Release|Any CPU.Build.0 = Release|Any CPU
		{90976F71-A69A-4832-80F6-46E95D1894E2}.Debug|Any CPU.ActiveCfg = Debug|Any CPU
		{90976F71-A69A-4832-80F6-46E95D1894E2}.Debug|Any CPU.Build.0 = Debug|Any CPU
		{90976F71-A69A-4832-80F6-46E95D1894E2}.Release|Any CPU.ActiveCfg = Release|Any CPU
		{90976F71-A69A-4832-80F6-46E95D1894E2}.Release|Any CPU.Build.0 = Release|Any CPU
		{C1DB9B55-A729-456A-BA8A-A02B5C1C4067}.Debug|Any CPU.ActiveCfg = Debug|Any CPU
		{C1DB9B55-A729-456A-BA8A-A02B5C1C4067}.Debug|Any CPU.Build.0 = Debug|Any CPU
		{C1DB9B55-A729-456A-BA8A-A02B5C1C4067}.Release|Any CPU.ActiveCfg = Release|Any CPU
		{C1DB9B55-A729-456A-BA8A-A02B5C1C4067}.Release|Any CPU.Build.0 = Release|Any CPU
	EndGlobalSection
	GlobalSection(SolutionProperties) = preSolution
		HideSolutionNode = FALSE
	EndGlobalSection
	GlobalSection(ExtensibilityGlobals) = postSolution
		SolutionGuid = {2D601B1C-DE01-45DF-A5B6-7E3993E536CC}
	EndGlobalSection
EndGlobal
